
Microsoft Visual Studio Solution File, Format Version 12.00
# Visual Studio Version 16
VisualStudioVersion = 16.0.30225.117
MinimumVisualStudioVersion = 15.0.26124.0
Project("{9A19103F-16F7-4668-BE54-9A1E7A4F7556}") = "ping-pong", "ping-pong\ping-pong.csproj", "{F5BF8546-F04D-4D10-8571-E3484744DD61}"
EndProject
Global
	GlobalSection(SolutionConfigurationPlatforms) = preSolution
		Debug|Any CPU = Debug|Any CPU
		Debug|x64 = Debug|x64
		Debug|x86 = Debug|x86
		Release|Any CPU = Release|Any CPU
		Release|x64 = Release|x64
		Release|x86 = Release|x86
	EndGlobalSection
	GlobalSection(ProjectConfigurationPlatforms) = postSolution
		{F5BF8546-F04D-4D10-8571-E3484744DD61}.Debug|Any CPU.ActiveCfg = Debug|Any CPU
		{F5BF8546-F04D-4D10-8571-E3484744DD61}.Debug|Any CPU.Build.0 = Debug|Any CPU
		{F5BF8546-F04D-4D10-8571-E3484744DD61}.Debug|x64.ActiveCfg = Debug|Any CPU
		{F5BF8546-F04D-4D10-8571-E3484744DD61}.Debug|x64.Build.0 = Debug|Any CPU
		{F5BF8546-F04D-4D10-8571-E3484744DD61}.Debug|x86.ActiveCfg = Debug|Any CPU
		{F5BF8546-F04D-4D10-8571-E3484744DD61}.Debug|x86.Build.0 = Debug|Any CPU
		{F5BF8546-F04D-4D10-8571-E3484744DD61}.Release|Any CPU.ActiveCfg = Release|Any CPU
		{F5BF8546-F04D-4D10-8571-E3484744DD61}.Release|Any CPU.Build.0 = Release|Any CPU
		{F5BF8546-F04D-4D10-8571-E3484744DD61}.Release|x64.ActiveCfg = Release|Any CPU
		{F5BF8546-F04D-4D10-8571-E3484744DD61}.Release|x64.Build.0 = Release|Any CPU
		{F5BF8546-F04D-4D10-8571-E3484744DD61}.Release|x86.ActiveCfg = Release|Any CPU
		{F5BF8546-F04D-4D10-8571-E3484744DD61}.Release|x86.Build.0 = Release|Any CPU
	EndGlobalSection
	GlobalSection(SolutionProperties) = preSolution
		HideSolutionNode = FALSE
	EndGlobalSection
	GlobalSection(ExtensibilityGlobals) = postSolution
		SolutionGuid = {CC70F64F-8201-49E6-9A41-DDEA79A42CD7}
	EndGlobalSection
EndGlobal
